{"1.2.0",
[{<<"gproc">>,
  {git,"https://github.com/uwiger/gproc",
       {ref,"b74d6354e65136051076aaf028099cbb04e31196"}},
  0},
 {<<"optvar">>,
  {git,"https://github.com/emqx/optvar",
       {ref,"2331bbff4ddce7d9dc64698936a9d158174f3315"}},
  0},
 {<<"proper">>,{pkg,<<"proper">>,<<"1.5.0">>},0},
 {<<"snabbkaffe">>,
  {git,"https://github.com/kafka4beam/snabbkaffe",
       {ref,"b59298334ed349556f63405d1353184c63c66534"}},
  0}]}.
[
{pkg_hash,[
 {<<"proper">>, <<"4A87CE8B219858E64C9AA015F4F7ED739D0AC3CA6BFD77FA62794617EE784225">>}]},
{pkg_hash_ext,[
 {<<"proper">>, <<"FBF7CF0625E5441A314514F7D8E1EAFF52090FCD94FF34B5171FF293D3F9969A">>}]}
].
